# This file is automatically @generated by Cargo.
# It is not intended for manual editing.
version = 4

[[package]]
name = "banner"
version = "0.1.0"
dependencies = [
 "crc-extension",
]

[[package]]
name = "calculate"
version = "0.1.0"
dependencies = [
 "crc-extension",
]

[[package]]
name = "change-case"
version = "0.1.0"
dependencies = [
 "crc-extension",
]

[[package]]
name = "crc-extension"
version = "0.1.0"

[[package]]
name = "encode"
version = "0.1.0"
dependencies = [
 "crc-extension",
]

[[package]]
name = "hash"
version = "0.1.0"
dependencies = [
 "crc-extension",
]

[[package]]
name = "json-tools"
version = "0.1.0"
dependencies = [
 "crc-extension",
]

[[package]]
name = "lines"
version = "0.1.0"
dependencies = [
 "crc-extension",
]

[[package]]
name = "sort-lines"
version = "0.1.0"
dependencies = [
 "crc-extension",
]

[[package]]
name = "tables"
version = "0.1.0"
dependencies = [
 "crc-extension",
]
